
Microsoft Visual Studio Solution File, Format Version 12.00
# Visual Studio Version 17
VisualStudioVersion = 17.2.32602.215
MinimumVisualStudioVersion = 10.0.40219.1
Project("{FAE04EC0-301F-11D3-BF4B-00C04F79EFBC}") = "ArtGenerator", "ArtGenerator\ArtGenerator.csproj", "{7EDB8BCE-4A26-4527-87C6-9AD529412B77}"
EndProject
Project("{FAE04EC0-301F-11D3-BF4B-00C04F79EFBC}") = "ArtGeneratorTest", "ArtGeneratorTest\ArtGeneratorTest.csproj", "{6251FC8E-3E09-4B9D-A983-6487CB592E53}"
EndProject
Global
	GlobalSection(SolutionConfigurationPlatforms) = preSolution
		Debug|Any CPU = Debug|Any CPU
		Release|Any CPU = Release|Any CPU
	EndGlobalSection
	GlobalSection(ProjectConfigurationPlatforms) = postSolution
		{7EDB8BCE-4A26-4527-87C6-9AD529412B77}.Debug|Any CPU.ActiveCfg = Debug|Any CPU
		{7EDB8BCE-4A26-4527-87C6-9AD529412B77}.Debug|Any CPU.Build.0 = Debug|Any CPU
		{7EDB8BCE-4A26-4527-87C6-9AD529412B77}.Release|Any CPU.ActiveCfg = Release|Any CPU
		{7EDB8BCE-4A26-4527-87C6-9AD529412B77}.Release|Any CPU.Build.0 = Release|Any CPU
		{6251FC8E-3E09-4B9D-A983-6487CB592E53}.Debug|Any CPU.ActiveCfg = Debug|Any CPU
		{6251FC8E-3E09-4B9D-A983-6487CB592E53}.Debug|Any CPU.Build.0 = Debug|Any CPU
		{6251FC8E-3E09-4B9D-A983-6487CB592E53}.Release|Any CPU.ActiveCfg = Release|Any CPU
		{6251FC8E-3E09-4B9D-A983-6487CB592E53}.Release|Any CPU.Build.0 = Release|Any CPU
	EndGlobalSection
	GlobalSection(SolutionProperties) = preSolution
		HideSolutionNode = FALSE
	EndGlobalSection
	GlobalSection(ExtensibilityGlobals) = postSolution
		SolutionGuid = {55417498-6ECB-46AB-99E1-83946D0AB33B}
	EndGlobalSection
EndGlobal
